
Microsoft Visual Studio Solution File, Format Version 11.00
# Visual Studio 2010
Project("{FAE04EC0-301F-11D3-BF4B-00C04F79EFBC}") = "3D跑酷", "Assembly-CSharp.csproj", "{1386686B-3516-EA0A-D13C-C2C559751188}"
EndProject
Global
	GlobalSection(SolutionConfigurationPlatforms) = preSolution
		Debug|Any CPU = Debug|Any CPU
		Release|Any CPU = Release|Any CPU
	EndGlobalSection
	GlobalSection(ProjectConfigurationPlatforms) = postSolution
		{1386686B-3516-EA0A-D13C-C2C559751188}.Debug|Any CPU.ActiveCfg = Debug|Any CPU
		{1386686B-3516-EA0A-D13C-C2C559751188}.Debug|Any CPU.Build.0 = Debug|Any CPU
		{1386686B-3516-EA0A-D13C-C2C559751188}.Release|Any CPU.ActiveCfg = Release|Any CPU
		{1386686B-3516-EA0A-D13C-C2C559751188}.Release|Any CPU.Build.0 = Release|Any CPU
	EndGlobalSection
	GlobalSection(SolutionProperties) = preSolution
		HideSolutionNode = FALSE
	EndGlobalSection
	GlobalSection(MonoDevelopProperties) = preSolution
		StartupItem = Assembly-CSharp.csproj
	EndGlobalSection
EndGlobal
